PODS:
  - Alamofire (1.1.4)
  - Emoji-swift (0.0.1)
  - ionicons (2.0.1)
  - JSONHelper (1.5.2)
  - LlamaKit (0.1.1)
  - MarkdownKit (0.1.1)
  - ReactiveCocoa (3.0.0-alpha.1):
    - LlamaKit (= 0.1.1)
    - ReactiveCocoa/UI (= 3.0.0-alpha.1)
  - ReactiveCocoa/Core (3.0.0-alpha.1):
    - LlamaKit (= 0.1.1)
    - ReactiveCocoa/no-arc
  - ReactiveCocoa/no-arc (3.0.0-alpha.1):
    - LlamaKit (= 0.1.1)
  - ReactiveCocoa/UI (3.0.0-alpha.1):
    - LlamaKit (= 0.1.1)
    - ReactiveCocoa/Core
  - SlackTextViewController (1.5):
    - SlackTextViewController/Additions (= 1.5)
  - SlackTextViewController/Additions (1.5)
  - Starscream (0.9.2)
  - TypetalkKit (0.2.8):
    - Alamofire (~> 1.1.4)
    - JSONHelper (~> 1.5.0)
    - Starscream (~> 0.9.2)
  - yavfl (0.1.4)

DEPENDENCIES:
  - Alamofire
  - Emoji-swift
  - ionicons
  - MarkdownKit (from `https://github.com/safx/MarkdownKit.git`)
  - ReactiveCocoa (= 3.0.0-alpha.1)
  - SlackTextViewController
  - TypetalkKit
  - yavfl

EXTERNAL SOURCES:
  MarkdownKit:
    :git: https://github.com/safx/MarkdownKit.git
    :submodules: true

CHECKOUT OPTIONS:
  MarkdownKit:
    :commit: 1fc31bad1784c172618cd553def5f447f631af23
    :git: https://github.com/safx/MarkdownKit.git

SPEC CHECKSUMS:
  Alamofire: 6a2cbaebe78a6d469bc55ee37f0a24ba22af76ac
  Emoji-swift: d1e101e0812ff4b62a6bdf3bcde4b90d8507baf3
  ionicons: c7b0867373392e85c17f613d19ade04ccfbe5a7c
  JSONHelper: 2d7c3b037f29d2dc1f6d18b407cdd7566f0baf83
  LlamaKit: 25f47a933b6580a6fc159d95adb2e2953c7012e9
  MarkdownKit: c6b83f360fb43533a081cd973e847d44e313437a
  ReactiveCocoa: 3b5e351bb3ab233d71f0329f36a7400af30d9783
  SlackTextViewController: 4a1797ac2f3616dbd37435fc62da655e61399cdd
  Starscream: 7b58834eff655baf6ec456c5dd056ec62fd147c9
  TypetalkKit: 0dc98ee9616972f562c5501f84cd955dc5178880
  yavfl: 576498fca53d2914b9598b9da9ac4a24aa9c7c53

COCOAPODS: 0.36.3
